
Microsoft Visual Studio Solution File, Format Version 12.00
# Visual Studio Version 16
VisualStudioVersion = 16.0.31205.134
MinimumVisualStudioVersion = 10.0.40219.1
Project("{FAE04EC0-301F-11D3-BF4B-00C04F79EFBC}") = "WiredBrainCoffee.StackApp", "WiredBrainCoffee.StackApp\WiredBrainCoffee.StackApp.csproj", "{6BABFF6E-3A70-4D49-8B50-A91F1417EF62}"
EndProject
Global
	GlobalSection(SolutionConfigurationPlatforms) = preSolution
		Debug|Any CPU = Debug|Any CPU
		Release|Any CPU = Release|Any CPU
	EndGlobalSection
	GlobalSection(ProjectConfigurationPlatforms) = postSolution
		{6BABFF6E-3A70-4D49-8B50-A91F1417EF62}.Debug|Any CPU.ActiveCfg = Debug|Any CPU
		{6BABFF6E-3A70-4D49-8B50-A91F1417EF62}.Debug|Any CPU.Build.0 = Debug|Any CPU
		{6BABFF6E-3A70-4D49-8B50-A91F1417EF62}.Release|Any CPU.ActiveCfg = Release|Any CPU
		{6BABFF6E-3A70-4D49-8B50-A91F1417EF62}.Release|Any CPU.Build.0 = Release|Any CPU
	EndGlobalSection
	GlobalSection(SolutionProperties) = preSolution
		HideSolutionNode = FALSE
	EndGlobalSection
	GlobalSection(ExtensibilityGlobals) = postSolution
		SolutionGuid = {24988A6E-76A5-4B4E-8798-CCD852476585}
	EndGlobalSection
EndGlobal
